
Microsoft Visual Studio Solution File, Format Version 12.00
# Visual Studio Version 16
VisualStudioVersion = 16.0.31515.178
MinimumVisualStudioVersion = 10.0.40219.1
Project("{9A19103F-16F7-4668-BE54-9A1E7A4F7556}") = "PadraoMVC", "PadraoMVC.csproj", "{77B33542-AF1A-4A94-B371-DAD11282B338}"
EndProject
Project("{9A19103F-16F7-4668-BE54-9A1E7A4F7556}") = "CursoAPI", "..\CursoAPI\CursoAPI.csproj", "{966B9A14-A54F-4EC9-B47E-74D7106E1F88}"
EndProject
Project("{FAE04EC0-301F-11D3-BF4B-00C04F79EFBC}") = "Cursotest", "..\Cursotest\Cursotest.csproj", "{1FB83640-8785-46A0-A110-5ACCB4111481}"
EndProject
Global
	GlobalSection(SolutionConfigurationPlatforms) = preSolution
		Debug|Any CPU = Debug|Any CPU
		Release|Any CPU = Release|Any CPU
	EndGlobalSection
	GlobalSection(ProjectConfigurationPlatforms) = postSolution
		{77B33542-AF1A-4A94-B371-DAD11282B338}.Debug|Any CPU.ActiveCfg = Debug|Any CPU
		{77B33542-AF1A-4A94-B371-DAD11282B338}.Debug|Any CPU.Build.0 = Debug|Any CPU
		{77B33542-AF1A-4A94-B371-DAD11282B338}.Release|Any CPU.ActiveCfg = Release|Any CPU
		{77B33542-AF1A-4A94-B371-DAD11282B338}.Release|Any CPU.Build.0 = Release|Any CPU
		{966B9A14-A54F-4EC9-B47E-74D7106E1F88}.Debug|Any CPU.ActiveCfg = Debug|Any CPU
		{966B9A14-A54F-4EC9-B47E-74D7106E1F88}.Debug|Any CPU.Build.0 = Debug|Any CPU
		{966B9A14-A54F-4EC9-B47E-74D7106E1F88}.Release|Any CPU.ActiveCfg = Release|Any CPU
		{966B9A14-A54F-4EC9-B47E-74D7106E1F88}.Release|Any CPU.Build.0 = Release|Any CPU
		{1FB83640-8785-46A0-A110-5ACCB4111481}.Debug|Any CPU.ActiveCfg = Debug|Any CPU
		{1FB83640-8785-46A0-A110-5ACCB4111481}.Debug|Any CPU.Build.0 = Debug|Any CPU
		{1FB83640-8785-46A0-A110-5ACCB4111481}.Release|Any CPU.ActiveCfg = Release|Any CPU
		{1FB83640-8785-46A0-A110-5ACCB4111481}.Release|Any CPU.Build.0 = Release|Any CPU
	EndGlobalSection
	GlobalSection(SolutionProperties) = preSolution
		HideSolutionNode = FALSE
	EndGlobalSection
	GlobalSection(ExtensibilityGlobals) = postSolution
		SolutionGuid = {330CDE79-58E2-41D9-9454-C09BD77FAC18}
	EndGlobalSection
EndGlobal
